# THIS IS AN AUTOGENERATED FILE. DO NOT EDIT THIS FILE DIRECTLY.
# yarn lockfile v1


argparse@^1.0.7:
  version "1.0.10"
  resolved "https://registry.yarnpkg.com/argparse/-/argparse-1.0.10.tgz#bcd6791ea5ae09725e17e5ad988134cd40b3d911"
  integrity sha512-o5Roy6tNG4SL/FOkCAN6RzjiakZS25RLYFrcMttJqbdd8BWrnA+fGz57iN5Pb06pvBGvl5gQ0B48dJlslXvoTg==
  dependencies:
    sprintf-js "~1.0.2"

cliclopts@^1.1.1:
  version "1.1.1"
  resolved "https://registry.yarnpkg.com/cliclopts/-/cliclopts-1.1.1.tgz#69431c7cb5af723774b0d3911b4c37512431910f"
  integrity sha1-aUMcfLWvcjd0sNORG0w3USQxkQ8=

colors@^1.1.2:
  version "1.3.2"
  resolved "https://registry.yarnpkg.com/colors/-/colors-1.3.2.tgz#2df8ff573dfbf255af562f8ce7181d6b971a359b"
  integrity sha512-rhP0JSBGYvpcNQj4s5AdShMeE5ahMop96cTeDl/v9qQQm2fYClE2QXZRi8wLzc+GmXSxdIqqbOIAhyObEXDbfQ==

commonmark-helpers@^0.4.0:
  version "0.4.1"
  resolved "https://registry.yarnpkg.com/commonmark-helpers/-/commonmark-helpers-0.4.1.tgz#8035d28dd64c9bae519220948bea9d69b504593b"
  integrity sha1-gDXSjdZMm65RkiCUi+qdabUEWTs=
  dependencies:
    commonmark "^0.21.0"
    ramda "^0.17.1"

commonmark@^0.21.0:
  version "0.21.0"
  resolved "https://registry.yarnpkg.com/commonmark/-/commonmark-0.21.0.tgz#ad646b335cd5f5f9892b6980129ed996326f0f6d"
  integrity sha1-rWRrM1zV9fmJK2mAEp7ZljJvD20=
  dependencies:
    entities "~ 1.1.1"
    mdurl "~ 1.0.0"
    string.prototype.repeat "^0.2.0"

conf@^0.11.2:
  version "0.11.2"
  resolved "https://registry.yarnpkg.com/conf/-/conf-0.11.2.tgz#879f479267600483e502583462ca4063fc9779b2"
  integrity sha1-h59HkmdgBIPlAlg0YspAY/yXebI=
  dependencies:
    dot-prop "^3.0.0"
    env-paths "^0.3.0"
    mkdirp "^0.5.1"
    pkg-up "^1.0.0"

dot-prop@^3.0.0:
  version "3.0.0"
  resolved "https://registry.yarnpkg.com/dot-prop/-/dot-prop-3.0.0.tgz#1b708af094a49c9a0e7dbcad790aba539dac1177"
  integrity sha1-G3CK8JSknJoOfbyteQq6U52sEXc=
  dependencies:
    is-obj "^1.0.0"

"entities@~ 1.1.1":
  version "1.1.2"
  resolved "https://registry.yarnpkg.com/entities/-/entities-1.1.2.tgz#bdfa735299664dfafd34529ed4f8522a275fea56"
  integrity sha512-f2LZMYl1Fzu7YSBKg+RoROelpOaNrcGmE9AZubeDfrCEia483oW4MI4VyFd5VNHIgQ/7qm1I0wUHK1eJnn2y2w==

env-paths@^0.3.0:
  version "0.3.1"
  resolved "https://registry.yarnpkg.com/env-paths/-/env-paths-0.3.1.tgz#c30ccfcbc30c890943dc08a85582517ef00da463"
  integrity sha1-wwzPy8MMiQlD3AioVYJRfvANpGM=

esprima@^4.0.0:
  version "4.0.1"
  resolved "https://registry.yarnpkg.com/esprima/-/esprima-4.0.1.tgz#13b04cdb3e6c5d19df91ab6987a8695619b0aa71"
  integrity sha512-eGuFFw7Upda+g4p+QHvnW0RyTX/SVeJBDM/gCtMARO0cLuT2HcEKnTPvhjV6aGeqrCB/sbNop0Kszm0jsaWU4A==

find-up@^1.0.0:
  version "1.1.2"
  resolved "https://registry.yarnpkg.com/find-up/-/find-up-1.1.2.tgz#6b2e9822b1a2ce0a60ab64d610eccad53cb24d0f"
  integrity sha1-ay6YIrGizgpgq2TWEOzK1TyyTQ8=
  dependencies:
    path-exists "^2.0.0"
    pinkie-promise "^2.0.0"

front-matter@^2.1.0:
  version "2.3.0"
  resolved "https://registry.yarnpkg.com/front-matter/-/front-matter-2.3.0.tgz#7203af896ce357ee04e2aa45169ea91ed7f67504"
  integrity sha1-cgOviWzjV+4E4qpFFp6pHtf2dQQ=
  dependencies:
    js-yaml "^3.10.0"

get-md-title@^1.0.4:
  version "1.0.4"
  resolved "https://registry.yarnpkg.com/get-md-title/-/get-md-title-1.0.4.tgz#daea37a95a2f7b136c2bdddfa917d9a7dfd70c15"
  integrity sha1-2uo3qVovexNsK93fqRfZp9/XDBU=
  dependencies:
    commonmark-helpers "^0.4.0"
    trim-html-tag "^1.0.3"

is-obj@^1.0.0:
  version "1.0.1"
  resolved "https://registry.yarnpkg.com/is-obj/-/is-obj-1.0.1.tgz#3e4729ac1f5fde025cd7d83a896dab9f4f67db0f"
  integrity sha1-PkcprB9f3gJc19g6iW2rn09n2w8=

js-yaml@^3.10.0:
  version "3.12.0"
  resolved "https://registry.yarnpkg.com/js-yaml/-/js-yaml-3.12.0.tgz#eaed656ec8344f10f527c6bfa1b6e2244de167d1"
  integrity sha512-PIt2cnwmPfL4hKNwqeiuz4bKfnzHTBv6HyVgjahA6mPLwPDzjDWrplJBMjHUFxku/N3FlmrbyPclad+I+4mJ3A==
  dependencies:
    argparse "^1.0.7"
    esprima "^4.0.0"

markdown-to-medium@1.4.4:
  version "1.4.4"
  resolved "https://registry.yarnpkg.com/markdown-to-medium/-/markdown-to-medium-1.4.4.tgz#056b763105b8e9e0454abb7bd711cc194f9b555b"
  integrity sha512-F93jUxFHPfUe1go5ERO0d0hc0ptR4N1YtMzEJzWSRio83is98YIvlJk2BLWl3LNKQkYf1RFGXS9GwLEcZiGGwA==
  dependencies:
    cliclopts "^1.1.1"
    colors "^1.1.2"
    conf "^0.11.2"
    front-matter "^2.1.0"
    get-md-title "^1.0.4"
    medium-sdk "0.0.3"
    minimist "^1.2.0"
    open "0.0.5"
    xtend "^4.0.1"

"mdurl@~ 1.0.0":
  version "1.0.1"
  resolved "https://registry.yarnpkg.com/mdurl/-/mdurl-1.0.1.tgz#fe85b2ec75a59037f2adfec100fd6c601761152e"
  integrity sha1-/oWy7HWlkDfyrf7BAP1sYBdhFS4=

medium-sdk@0.0.3:
  version "0.0.3"
  resolved "https://registry.yarnpkg.com/medium-sdk/-/medium-sdk-0.0.3.tgz#13dea6fda76f46dbb6c39de01ca1c0dbd7b32745"
  integrity sha1-E96m/advRtu2w53gHKHA29ezJ0U=

minimist@0.0.8:
  version "0.0.8"
  resolved "https://registry.yarnpkg.com/minimist/-/minimist-0.0.8.tgz#857fcabfc3397d2625b8228262e86aa7a011b05d"
  integrity sha1-hX/Kv8M5fSYluCKCYuhqp6ARsF0=

minimist@^1.2.0:
  version "1.2.0"
  resolved "https://registry.yarnpkg.com/minimist/-/minimist-1.2.0.tgz#a35008b20f41383eec1fb914f4cd5df79a264284"
  integrity sha1-o1AIsg9BOD7sH7kU9M1d95omQoQ=

mkdirp@^0.5.1:
  version "0.5.1"
  resolved "https://registry.yarnpkg.com/mkdirp/-/mkdirp-0.5.1.tgz#30057438eac6cf7f8c4767f38648d6697d75c903"
  integrity sha1-MAV0OOrGz3+MR2fzhkjWaX11yQM=
  dependencies:
    minimist "0.0.8"

open@0.0.5:
  version "0.0.5"
  resolved "https://registry.yarnpkg.com/open/-/open-0.0.5.tgz#42c3e18ec95466b6bf0dc42f3a2945c3f0cad8fc"
  integrity sha1-QsPhjslUZra/DcQvOilFw/DK2Pw=

path-exists@^2.0.0:
  version "2.1.0"
  resolved "https://registry.yarnpkg.com/path-exists/-/path-exists-2.1.0.tgz#0feb6c64f0fc518d9a754dd5efb62c7022761f4b"
  integrity sha1-D+tsZPD8UY2adU3V77YscCJ2H0s=
  dependencies:
    pinkie-promise "^2.0.0"

pinkie-promise@^2.0.0:
  version "2.0.1"
  resolved "https://registry.yarnpkg.com/pinkie-promise/-/pinkie-promise-2.0.1.tgz#2135d6dfa7a358c069ac9b178776288228450ffa"
  integrity sha1-ITXW36ejWMBprJsXh3YogihFD/o=
  dependencies:
    pinkie "^2.0.0"

pinkie@^2.0.0:
  version "2.0.4"
  resolved "https://registry.yarnpkg.com/pinkie/-/pinkie-2.0.4.tgz#72556b80cfa0d48a974e80e77248e80ed4f7f870"
  integrity sha1-clVrgM+g1IqXToDnckjoDtT3+HA=

pkg-up@^1.0.0:
  version "1.0.0"
  resolved "https://registry.yarnpkg.com/pkg-up/-/pkg-up-1.0.0.tgz#3e08fb461525c4421624a33b9f7e6d0af5b05a26"
  integrity sha1-Pgj7RhUlxEIWJKM7n35tCvWwWiY=
  dependencies:
    find-up "^1.0.0"

ramda@^0.17.1:
  version "0.17.1"
  resolved "https://registry.yarnpkg.com/ramda/-/ramda-0.17.1.tgz#4c198147d3ab54e8c15255f11730e2116f6e6073"
  integrity sha1-TBmBR9OrVOjBUlXxFzDiEW9uYHM=

sprintf-js@~1.0.2:
  version "1.0.3"
  resolved "https://registry.yarnpkg.com/sprintf-js/-/sprintf-js-1.0.3.tgz#04e6926f662895354f3dd015203633b857297e2c"
  integrity sha1-BOaSb2YolTVPPdAVIDYzuFcpfiw=

string.prototype.repeat@^0.2.0:
  version "0.2.0"
  resolved "https://registry.yarnpkg.com/string.prototype.repeat/-/string.prototype.repeat-0.2.0.tgz#aba36de08dcee6a5a337d49b2ea1da1b28fc0ecf"
  integrity sha1-q6Nt4I3O5qWjN9SbLqHaGyj8Ds8=

trim-html-tag@^1.0.3:
  version "1.0.5"
  resolved "https://registry.yarnpkg.com/trim-html-tag/-/trim-html-tag-1.0.5.tgz#bbeacd7fc3fcc042ce702f91aad1ccd9d05a77ae"
  integrity sha1-u+rNf8P8wELOcC+RqtHM2dBad64=
  dependencies:
    ramda "^0.17.1"

xtend@^4.0.1:
  version "4.0.1"
  resolved "https://registry.yarnpkg.com/xtend/-/xtend-4.0.1.tgz#a5c6d532be656e23db820efb943a1f04998d63af"
  integrity sha1-pcbVMr5lbiPbgg77lDofBJmNY68=
